// !$*UTF8*$!
{
	archiveVersion = 1;
	classes = {
	};
	objectVersion = 56;
	objects = {

/* Begin PBXBuildFile section */
		11277F76297ECE7900875127 /* drip2.MP4 in Resources */ = {isa = PBXBuildFile; fileRef = 11277F75297ECE7900875127 /* drip2.MP4 */; };
		113416D32987B6F90048343B /* Roboto-Medium.ttf in Resources */ = {isa = PBXBuildFile; fileRef = 113416D22987B6F90048343B /* Roboto-Medium.ttf */; };
		1146AD9B29868FE000F63E78 /* FloatingPanelStocksLayout.swift in Sources */ = {isa = PBXBuildFile; fileRef = 1146AD9A29868FE000F63E78 /* FloatingPanelStocksLayout.swift */; };
		1162E10B29797A0B00F97DE4 /* SegmentControlFlowLayout.swift in Sources */ = {isa = PBXBuildFile; fileRef = 1162E10A29797A0B00F97DE4 /* SegmentControlFlowLayout.swift */; };
		1162E10D29797A1C00F97DE4 /* RowCollectionViewLayoutAttributes.swift in Sources */ = {isa = PBXBuildFile; fileRef = 1162E10C29797A1C00F97DE4 /* RowCollectionViewLayoutAttributes.swift */; };
		1162E10F29797A3D00F97DE4 /* SegmentControlCollectionCell.swift in Sources */ = {isa = PBXBuildFile; fileRef = 1162E10E29797A3D00F97DE4 /* SegmentControlCollectionCell.swift */; };
		1165461F29923946007C2D1A /* ShoppingCartView.swift in Sources */ = {isa = PBXBuildFile; fileRef = 1165461E29923946007C2D1A /* ShoppingCartView.swift */; };
		116E5FA229852A0B0092F2C6 /* RootPageViewControllers.swift in Sources */ = {isa = PBXBuildFile; fileRef = 116E5FA129852A0B0092F2C6 /* RootPageViewControllers.swift */; };
		116E5FA529852A960092F2C6 /* CoffeeViewModel.swift in Sources */ = {isa = PBXBuildFile; fileRef = 116E5FA429852A960092F2C6 /* CoffeeViewModel.swift */; };
		1173192829829139009518F4 /* CoffeeShopLocationViewController.swift in Sources */ = {isa = PBXBuildFile; fileRef = 1173192729829139009518F4 /* CoffeeShopLocationViewController.swift */; };
		117B89EB29965C5000F92C3B /* CustomAVPlayerViewController.swift in Sources */ = {isa = PBXBuildFile; fileRef = 117B89EA29965C5000F92C3B /* CustomAVPlayerViewController.swift */; };
		117E70BE297ABA5D00C17F9F /* AuthorizationViewController.swift in Sources */ = {isa = PBXBuildFile; fileRef = 117E70BD297ABA5D00C17F9F /* AuthorizationViewController.swift */; };
		117E70C3297ADA7300C17F9F /* AVPlayerView.swift in Sources */ = {isa = PBXBuildFile; fileRef = 117E70C2297ADA7300C17F9F /* AVPlayerView.swift */; };
		117E70D1297AF7C800C17F9F /* CoffeeCollectionCell.swift in Sources */ = {isa = PBXBuildFile; fileRef = 117E70D0297AF7C800C17F9F /* CoffeeCollectionCell.swift */; };
		1188AF51298545C100947C87 /* coffee3.MP4 in Resources */ = {isa = PBXBuildFile; fileRef = 1188AF50298545C100947C87 /* coffee3.MP4 */; };
		119E82A12977EEE9007D6A44 /* AppDelegate.swift in Sources */ = {isa = PBXBuildFile; fileRef = 119E82A02977EEE9007D6A44 /* AppDelegate.swift */; };
		119E82A32977EEE9007D6A44 /* SceneDelegate.swift in Sources */ = {isa = PBXBuildFile; fileRef = 119E82A22977EEE9007D6A44 /* SceneDelegate.swift */; };
		119E82A52977EEE9007D6A44 /* AVPlayerViewViewController.swift in Sources */ = {isa = PBXBuildFile; fileRef = 119E82A42977EEE9007D6A44 /* AVPlayerViewViewController.swift */; };
		119E82AA2977EEE9007D6A44 /* Assets.xcassets in Resources */ = {isa = PBXBuildFile; fileRef = 119E82A92977EEE9007D6A44 /* Assets.xcassets */; };
		119E82AD2977EEE9007D6A44 /* LaunchScreen.storyboard in Resources */ = {isa = PBXBuildFile; fileRef = 119E82AB2977EEE9007D6A44 /* LaunchScreen.storyboard */; };
		119E82BC2978093A007D6A44 /* UIView + Extensions.swift in Sources */ = {isa = PBXBuildFile; fileRef = 119E82BB2978093A007D6A44 /* UIView + Extensions.swift */; };
		119E82BF29780A3D007D6A44 /* DrinkitView.swift in Sources */ = {isa = PBXBuildFile; fileRef = 119E82BE29780A3D007D6A44 /* DrinkitView.swift */; };
		119E82C1297812C5007D6A44 /* LoginViewButton.swift in Sources */ = {isa = PBXBuildFile; fileRef = 119E82C0297812C5007D6A44 /* LoginViewButton.swift */; };
		119E82C329781C01007D6A44 /* CustomSegmentControl.swift in Sources */ = {isa = PBXBuildFile; fileRef = 119E82C229781C01007D6A44 /* CustomSegmentControl.swift */; };
		11C2340429841110006F99B5 /* FloatingPanel in Frameworks */ = {isa = PBXBuildFile; productRef = 11C2340329841110006F99B5 /* FloatingPanel */; };
		11D494772983D6DB0072C6D0 /* CoffeeCollectionViewController.swift in Sources */ = {isa = PBXBuildFile; fileRef = 11D494762983D6DB0072C6D0 /* CoffeeCollectionViewController.swift */; };
		11D494792983D9A10072C6D0 /* CoffeeCompositionalLayout.swift in Sources */ = {isa = PBXBuildFile; fileRef = 11D494782983D9A10072C6D0 /* CoffeeCompositionalLayout.swift */; };
		11D62762297D7A5C00A7C818 /* drip.MP4 in Resources */ = {isa = PBXBuildFile; fileRef = 11D62761297D7A5C00A7C818 /* drip.MP4 */; };
		11FBA7F62995249600997608 /* UIViewController + Extensions.swift in Sources */ = {isa = PBXBuildFile; fileRef = 11FBA7F52995249600997608 /* UIViewController + Extensions.swift */; };
		11FBA7FA299527D300997608 /* ContainerViewController.swift in Sources */ = {isa = PBXBuildFile; fileRef = 11FBA7F9299527D300997608 /* ContainerViewController.swift */; };
/* End PBXBuildFile section */

/* Begin PBXFileReference section */
		11277F75297ECE7900875127 /* drip2.MP4 */ = {isa = PBXFileReference; lastKnownFileType = file; path = drip2.MP4; sourceTree = "<group>"; };
		113416D22987B6F90048343B /* Roboto-Medium.ttf */ = {isa = PBXFileReference; lastKnownFileType = file; path = "Roboto-Medium.ttf"; sourceTree = "<group>"; };
		1146AD9A29868FE000F63E78 /* FloatingPanelStocksLayout.swift */ = {isa = PBXFileReference; lastKnownFileType = sourcecode.swift; path = FloatingPanelStocksLayout.swift; sourceTree = "<group>"; };
		1162E10A29797A0B00F97DE4 /* SegmentControlFlowLayout.swift */ = {isa = PBXFileReference; lastKnownFileType = sourcecode.swift; path = SegmentControlFlowLayout.swift; sourceTree = "<group>"; };
		1162E10C29797A1C00F97DE4 /* RowCollectionViewLayoutAttributes.swift */ = {isa = PBXFileReference; lastKnownFileType = sourcecode.swift; path = RowCollectionViewLayoutAttributes.swift; sourceTree = "<group>"; };
		1162E10E29797A3D00F97DE4 /* SegmentControlCollectionCell.swift */ = {isa = PBXFileReference; lastKnownFileType = sourcecode.swift; path = SegmentControlCollectionCell.swift; sourceTree = "<group>"; };
		1165461E29923946007C2D1A /* ShoppingCartView.swift */ = {isa = PBXFileReference; lastKnownFileType = sourcecode.swift; path = ShoppingCartView.swift; sourceTree = "<group>"; };
		116E5FA129852A0B0092F2C6 /* RootPageViewControllers.swift */ = {isa = PBXFileReference; lastKnownFileType = sourcecode.swift; path = RootPageViewControllers.swift; sourceTree = "<group>"; };
		116E5FA429852A960092F2C6 /* CoffeeViewModel.swift */ = {isa = PBXFileReference; lastKnownFileType = sourcecode.swift; path = CoffeeViewModel.swift; sourceTree = "<group>"; };
		1173192729829139009518F4 /* CoffeeShopLocationViewController.swift */ = {isa = PBXFileReference; lastKnownFileType = sourcecode.swift; path = CoffeeShopLocationViewController.swift; sourceTree = "<group>"; };
		117B89EA29965C5000F92C3B /* CustomAVPlayerViewController.swift */ = {isa = PBXFileReference; lastKnownFileType = sourcecode.swift; path = CustomAVPlayerViewController.swift; sourceTree = "<group>"; };
		117E70BD297ABA5D00C17F9F /* AuthorizationViewController.swift */ = {isa = PBXFileReference; lastKnownFileType = sourcecode.swift; path = AuthorizationViewController.swift; sourceTree = "<group>"; };
		117E70C2297ADA7300C17F9F /* AVPlayerView.swift */ = {isa = PBXFileReference; lastKnownFileType = sourcecode.swift; path = AVPlayerView.swift; sourceTree = "<group>"; };
		117E70D0297AF7C800C17F9F /* CoffeeCollectionCell.swift */ = {isa = PBXFileReference; lastKnownFileType = sourcecode.swift; path = CoffeeCollectionCell.swift; sourceTree = "<group>"; };
		1188AF50298545C100947C87 /* coffee3.MP4 */ = {isa = PBXFileReference; lastKnownFileType = file; path = coffee3.MP4; sourceTree = "<group>"; };
		119E829D2977EEE9007D6A44 /* Drinkit.app */ = {isa = PBXFileReference; explicitFileType = wrapper.application; includeInIndex = 0; path = Drinkit.app; sourceTree = BUILT_PRODUCTS_DIR; };
		119E82A02977EEE9007D6A44 /* AppDelegate.swift */ = {isa = PBXFileReference; lastKnownFileType = sourcecode.swift; path = AppDelegate.swift; sourceTree = "<group>"; };
		119E82A22977EEE9007D6A44 /* SceneDelegate.swift */ = {isa = PBXFileReference; lastKnownFileType = sourcecode.swift; path = SceneDelegate.swift; sourceTree = "<group>"; };
		119E82A42977EEE9007D6A44 /* AVPlayerViewViewController.swift */ = {isa = PBXFileReference; lastKnownFileType = sourcecode.swift; path = AVPlayerViewViewController.swift; sourceTree = "<group>"; };
		119E82A92977EEE9007D6A44 /* Assets.xcassets */ = {isa = PBXFileReference; lastKnownFileType = folder.assetcatalog; path = Assets.xcassets; sourceTree = "<group>"; };
		119E82AC2977EEE9007D6A44 /* Base */ = {isa = PBXFileReference; lastKnownFileType = file.storyboard; name = Base; path = Base.lproj/LaunchScreen.storyboard; sourceTree = "<group>"; };
		119E82AE2977EEE9007D6A44 /* Info.plist */ = {isa = PBXFileReference; lastKnownFileType = text.plist.xml; path = Info.plist; sourceTree = "<group>"; };
		119E82BB2978093A007D6A44 /* UIView + Extensions.swift */ = {isa = PBXFileReference; lastKnownFileType = sourcecode.swift; path = "UIView + Extensions.swift"; sourceTree = "<group>"; };
		119E82BE29780A3D007D6A44 /* DrinkitView.swift */ = {isa = PBXFileReference; lastKnownFileType = sourcecode.swift; path = DrinkitView.swift; sourceTree = "<group>"; };
		119E82C0297812C5007D6A44 /* LoginViewButton.swift */ = {isa = PBXFileReference; lastKnownFileType = sourcecode.swift; path = LoginViewButton.swift; sourceTree = "<group>"; };
		119E82C229781C01007D6A44 /* CustomSegmentControl.swift */ = {isa = PBXFileReference; lastKnownFileType = sourcecode.swift; path = CustomSegmentControl.swift; sourceTree = "<group>"; };
		11D494762983D6DB0072C6D0 /* CoffeeCollectionViewController.swift */ = {isa = PBXFileReference; lastKnownFileType = sourcecode.swift; path = CoffeeCollectionViewController.swift; sourceTree = "<group>"; };
		11D494782983D9A10072C6D0 /* CoffeeCompositionalLayout.swift */ = {isa = PBXFileReference; lastKnownFileType = sourcecode.swift; path = CoffeeCompositionalLayout.swift; sourceTree = "<group>"; };
		11D62761297D7A5C00A7C818 /* drip.MP4 */ = {isa = PBXFileReference; lastKnownFileType = file; path = drip.MP4; sourceTree = "<group>"; };
		11FBA7F52995249600997608 /* UIViewController + Extensions.swift */ = {isa = PBXFileReference; lastKnownFileType = sourcecode.swift; path = "UIViewController + Extensions.swift"; sourceTree = "<group>"; };
		11FBA7F9299527D300997608 /* ContainerViewController.swift */ = {isa = PBXFileReference; lastKnownFileType = sourcecode.swift; path = ContainerViewController.swift; sourceTree = "<group>"; };
/* End PBXFileReference section */

/* Begin PBXFrameworksBuildPhase section */
		119E829A2977EEE9007D6A44 /* Frameworks */ = {
			isa = PBXFrameworksBuildPhase;
			buildActionMask = 2147483647;
			files = (
				11C2340429841110006F99B5 /* FloatingPanel in Frameworks */,
			);
			runOnlyForDeploymentPostprocessing = 0;
		};
/* End PBXFrameworksBuildPhase section */

/* Begin PBXGroup section */
		113416BD2987B3540048343B /* Fonts */ = {
			isa = PBXGroup;
			children = (
				113416D22987B6F90048343B /* Roboto-Medium.ttf */,
			);
			path = Fonts;
			sourceTree = "<group>";
		};
		1165461D29923938007C2D1A /* ShoppingCartView */ = {
			isa = PBXGroup;
			children = (
				1165461E29923946007C2D1A /* ShoppingCartView.swift */,
			);
			path = ShoppingCartView;
			sourceTree = "<group>";
		};
		116E5FA329852A480092F2C6 /* Utilities */ = {
			isa = PBXGroup;
			children = (
				116E5FA429852A960092F2C6 /* CoffeeViewModel.swift */,
				1146AD9A29868FE000F63E78 /* FloatingPanelStocksLayout.swift */,
			);
			path = Utilities;
			sourceTree = "<group>";
		};
		117E70BA297AB9F800C17F9F /* Cell */ = {
			isa = PBXGroup;
			children = (
				1162E10E29797A3D00F97DE4 /* SegmentControlCollectionCell.swift */,
				1162E10A29797A0B00F97DE4 /* SegmentControlFlowLayout.swift */,
				1162E10C29797A1C00F97DE4 /* RowCollectionViewLayoutAttributes.swift */,
				117E70D0297AF7C800C17F9F /* CoffeeCollectionCell.swift */,
				11D494782983D9A10072C6D0 /* CoffeeCompositionalLayout.swift */,
			);
			path = Cell;
			sourceTree = "<group>";
		};
		117E70BB297ABA0500C17F9F /* UIBarButtonItem */ = {
			isa = PBXGroup;
			children = (
				119E82BE29780A3D007D6A44 /* DrinkitView.swift */,
				119E82C0297812C5007D6A44 /* LoginViewButton.swift */,
			);
			path = UIBarButtonItem;
			sourceTree = "<group>";
		};
		117E70BC297ABA2F00C17F9F /* CustomSegmnetControl */ = {
			isa = PBXGroup;
			children = (
				119E82C229781C01007D6A44 /* CustomSegmentControl.swift */,
			);
			path = CustomSegmnetControl;
			sourceTree = "<group>";
		};
		117E70C1297ADA5700C17F9F /* AVPlayerView */ = {
			isa = PBXGroup;
			children = (
				117E70C2297ADA7300C17F9F /* AVPlayerView.swift */,
			);
			path = AVPlayerView;
			sourceTree = "<group>";
		};
		119E82942977EEE9007D6A44 = {
			isa = PBXGroup;
			children = (
				119E829F2977EEE9007D6A44 /* Drinkit */,
				11D62761297D7A5C00A7C818 /* drip.MP4 */,
				11277F75297ECE7900875127 /* drip2.MP4 */,
				1188AF50298545C100947C87 /* coffee3.MP4 */,
				119E829E2977EEE9007D6A44 /* Products */,
			);
			sourceTree = "<group>";
		};
		119E829E2977EEE9007D6A44 /* Products */ = {
			isa = PBXGroup;
			children = (
				119E829D2977EEE9007D6A44 /* Drinkit.app */,
			);
			name = Products;
			sourceTree = "<group>";
		};
		119E829F2977EEE9007D6A44 /* Drinkit */ = {
			isa = PBXGroup;
			children = (
				119E82B7297807C3007D6A44 /* Application */,
				119E82BD29780A2A007D6A44 /* View */,
				119E82B8297807E4007D6A44 /* ViewControllers */,
				119E82B9297807F1007D6A44 /* Resources */,
				116E5FA329852A480092F2C6 /* Utilities */,
				119E82BA2978091E007D6A44 /* Extensions */,
				113416BD2987B3540048343B /* Fonts */,
			);
			path = Drinkit;
			sourceTree = "<group>";
		};
		119E82B7297807C3007D6A44 /* Application */ = {
			isa = PBXGroup;
			children = (
				119E82A02977EEE9007D6A44 /* AppDelegate.swift */,
				119E82A22977EEE9007D6A44 /* SceneDelegate.swift */,
			);
			path = Application;
			sourceTree = "<group>";
		};
		119E82B8297807E4007D6A44 /* ViewControllers */ = {
			isa = PBXGroup;
			children = (
				116E5FA129852A0B0092F2C6 /* RootPageViewControllers.swift */,
				119E82A42977EEE9007D6A44 /* AVPlayerViewViewController.swift */,
				117B89EA29965C5000F92C3B /* CustomAVPlayerViewController.swift */,
				11D494762983D6DB0072C6D0 /* CoffeeCollectionViewController.swift */,
				11FBA7F9299527D300997608 /* ContainerViewController.swift */,
				1173192729829139009518F4 /* CoffeeShopLocationViewController.swift */,
				117E70BD297ABA5D00C17F9F /* AuthorizationViewController.swift */,
			);
			path = ViewControllers;
			sourceTree = "<group>";
		};
		119E82B9297807F1007D6A44 /* Resources */ = {
			isa = PBXGroup;
			children = (
				119E82A92977EEE9007D6A44 /* Assets.xcassets */,
				119E82AB2977EEE9007D6A44 /* LaunchScreen.storyboard */,
				119E82AE2977EEE9007D6A44 /* Info.plist */,
			);
			path = Resources;
			sourceTree = "<group>";
		};
		119E82BA2978091E007D6A44 /* Extensions */ = {
			isa = PBXGroup;
			children = (
				119E82BB2978093A007D6A44 /* UIView + Extensions.swift */,
				11FBA7F52995249600997608 /* UIViewController + Extensions.swift */,
			);
			path = Extensions;
			sourceTree = "<group>";
		};
		119E82BD29780A2A007D6A44 /* View */ = {
			isa = PBXGroup;
			children = (
				1165461D29923938007C2D1A /* ShoppingCartView */,
				117E70C1297ADA5700C17F9F /* AVPlayerView */,
				117E70BA297AB9F800C17F9F /* Cell */,
				117E70BB297ABA0500C17F9F /* UIBarButtonItem */,
				117E70BC297ABA2F00C17F9F /* CustomSegmnetControl */,
			);
			path = View;
			sourceTree = "<group>";
		};
/* End PBXGroup section */

/* Begin PBXNativeTarget section */
		119E829C2977EEE9007D6A44 /* Drinkit */ = {
			isa = PBXNativeTarget;
			buildConfigurationList = 119E82B12977EEE9007D6A44 /* Build configuration list for PBXNativeTarget "Drinkit" */;
			buildPhases = (
				119E82992977EEE9007D6A44 /* Sources */,
				119E829A2977EEE9007D6A44 /* Frameworks */,
				119E829B2977EEE9007D6A44 /* Resources */,
			);
			buildRules = (
			);
			dependencies = (
			);
			name = Drinkit;
			packageProductDependencies = (
				11C2340329841110006F99B5 /* FloatingPanel */,
			);
			productName = Drinkit;
			productReference = 119E829D2977EEE9007D6A44 /* Drinkit.app */;
			productType = "com.apple.product-type.application";
		};
/* End PBXNativeTarget section */

/* Begin PBXProject section */
		119E82952977EEE9007D6A44 /* Project object */ = {
			isa = PBXProject;
			attributes = {
				BuildIndependentTargetsInParallel = 1;
				LastSwiftUpdateCheck = 1420;
				LastUpgradeCheck = 1420;
				TargetAttributes = {
					119E829C2977EEE9007D6A44 = {
						CreatedOnToolsVersion = 14.2;
					};
				};
			};
			buildConfigurationList = 119E82982977EEE9007D6A44 /* Build configuration list for PBXProject "Drinkit" */;
			compatibilityVersion = "Xcode 14.0";
			developmentRegion = en;
			hasScannedForEncodings = 0;
			knownRegions = (
				en,
				Base,
			);
			mainGroup = 119E82942977EEE9007D6A44;
			packageReferences = (
				11C2340229841110006F99B5 /* XCRemoteSwiftPackageReference "FloatingPanel" */,
			);
			productRefGroup = 119E829E2977EEE9007D6A44 /* Products */;
			projectDirPath = "";
			projectRoot = "";
			targets = (
				119E829C2977EEE9007D6A44 /* Drinkit */,
			);
		};
/* End PBXProject section */

/* Begin PBXResourcesBuildPhase section */
		119E829B2977EEE9007D6A44 /* Resources */ = {
			isa = PBXResourcesBuildPhase;
			buildActionMask = 2147483647;
			files = (
				1188AF51298545C100947C87 /* coffee3.MP4 in Resources */,
				11277F76297ECE7900875127 /* drip2.MP4 in Resources */,
				11D62762297D7A5C00A7C818 /* drip.MP4 in Resources */,
				113416D32987B6F90048343B /* Roboto-Medium.ttf in Resources */,
				119E82AD2977EEE9007D6A44 /* LaunchScreen.storyboard in Resources */,
				119E82AA2977EEE9007D6A44 /* Assets.xcassets in Resources */,
			);
			runOnlyForDeploymentPostprocessing = 0;
		};
/* End PBXResourcesBuildPhase section */

/* Begin PBXSourcesBuildPhase section */
		119E82992977EEE9007D6A44 /* Sources */ = {
			isa = PBXSourcesBuildPhase;
			buildActionMask = 2147483647;
			files = (
				1146AD9B29868FE000F63E78 /* FloatingPanelStocksLayout.swift in Sources */,
				1173192829829139009518F4 /* CoffeeShopLocationViewController.swift in Sources */,
				117E70C3297ADA7300C17F9F /* AVPlayerView.swift in Sources */,
				117B89EB29965C5000F92C3B /* CustomAVPlayerViewController.swift in Sources */,
				11D494792983D9A10072C6D0 /* CoffeeCompositionalLayout.swift in Sources */,
				11D494772983D6DB0072C6D0 /* CoffeeCollectionViewController.swift in Sources */,
				1162E10B29797A0B00F97DE4 /* SegmentControlFlowLayout.swift in Sources */,
				1162E10D29797A1C00F97DE4 /* RowCollectionViewLayoutAttributes.swift in Sources */,
				119E82BC2978093A007D6A44 /* UIView + Extensions.swift in Sources */,
				116E5FA529852A960092F2C6 /* CoffeeViewModel.swift in Sources */,
				117E70BE297ABA5D00C17F9F /* AuthorizationViewController.swift in Sources */,
				11FBA7F62995249600997608 /* UIViewController + Extensions.swift in Sources */,
				119E82BF29780A3D007D6A44 /* DrinkitView.swift in Sources */,
				119E82A52977EEE9007D6A44 /* AVPlayerViewViewController.swift in Sources */,
				119E82C329781C01007D6A44 /* CustomSegmentControl.swift in Sources */,
				11FBA7FA299527D300997608 /* ContainerViewController.swift in Sources */,
				1162E10F29797A3D00F97DE4 /* SegmentControlCollectionCell.swift in Sources */,
				1165461F29923946007C2D1A /* ShoppingCartView.swift in Sources */,
				116E5FA229852A0B0092F2C6 /* RootPageViewControllers.swift in Sources */,
				117E70D1297AF7C800C17F9F /* CoffeeCollectionCell.swift in Sources */,
				119E82A12977EEE9007D6A44 /* AppDelegate.swift in Sources */,
				119E82C1297812C5007D6A44 /* LoginViewButton.swift in Sources */,
				119E82A32977EEE9007D6A44 /* SceneDelegate.swift in Sources */,
			);
			runOnlyForDeploymentPostprocessing = 0;
		};
/* End PBXSourcesBuildPhase section */

/* Begin PBXVariantGroup section */
		119E82AB2977EEE9007D6A44 /* LaunchScreen.storyboard */ = {
			isa = PBXVariantGroup;
			children = (
				119E82AC2977EEE9007D6A44 /* Base */,
			);
			name = LaunchScreen.storyboard;
			sourceTree = "<group>";
		};
/* End PBXVariantGroup section */

/* Begin XCBuildConfiguration section */
		119E82AF2977EEE9007D6A44 /* Debug */ = {
			isa = XCBuildConfiguration;
			buildSettings = {
				ALWAYS_SEARCH_USER_PATHS = NO;
				CLANG_ANALYZER_NONNULL = YES;
				CLANG_ANALYZER_NUMBER_OBJECT_CONVERSION = YES_AGGRESSIVE;
				CLANG_CXX_LANGUAGE_STANDARD = "gnu++20";
				CLANG_ENABLE_MODULES = YES;
				CLANG_ENABLE_OBJC_ARC = YES;
				CLANG_ENABLE_OBJC_WEAK = YES;
				CLANG_WARN_BLOCK_CAPTURE_AUTORELEASING = YES;
				CLANG_WARN_BOOL_CONVERSION = YES;
				CLANG_WARN_COMMA = YES;
				CLANG_WARN_CONSTANT_CONVERSION = YES;
				CLANG_WARN_DEPRECATED_OBJC_IMPLEMENTATIONS = YES;
				CLANG_WARN_DIRECT_OBJC_ISA_USAGE = YES_ERROR;
				CLANG_WARN_DOCUMENTATION_COMMENTS = YES;
				CLANG_WARN_EMPTY_BODY = YES;
				CLANG_WARN_ENUM_CONVERSION = YES;
				CLANG_WARN_INFINITE_RECURSION = YES;
				CLANG_WARN_INT_CONVERSION = YES;
				CLANG_WARN_NON_LITERAL_NULL_CONVERSION = YES;
				CLANG_WARN_OBJC_IMPLICIT_RETAIN_SELF = YES;
				CLANG_WARN_OBJC_LITERAL_CONVERSION = YES;
				CLANG_WARN_OBJC_ROOT_CLASS = YES_ERROR;
				CLANG_WARN_QUOTED_INCLUDE_IN_FRAMEWORK_HEADER = YES;
				CLANG_WARN_RANGE_LOOP_ANALYSIS = YES;
				CLANG_WARN_STRICT_PROTOTYPES = YES;
				CLANG_WARN_SUSPICIOUS_MOVE = YES;
				CLANG_WARN_UNGUARDED_AVAILABILITY = YES_AGGRESSIVE;
				CLANG_WARN_UNREACHABLE_CODE = YES;
				CLANG_WARN__DUPLICATE_METHOD_MATCH = YES;
				COPY_PHASE_STRIP = NO;
				DEBUG_INFORMATION_FORMAT = dwarf;
				ENABLE_STRICT_OBJC_MSGSEND = YES;
				ENABLE_TESTABILITY = YES;
				GCC_C_LANGUAGE_STANDARD = gnu11;
				GCC_DYNAMIC_NO_PIC = NO;
				GCC_NO_COMMON_BLOCKS = YES;
				GCC_OPTIMIZATION_LEVEL = 0;
				GCC_PREPROCESSOR_DEFINITIONS = (
					"DEBUG=1",
					"$(inherited)",
				);
				GCC_WARN_64_TO_32_BIT_CONVERSION = YES;
				GCC_WARN_ABOUT_RETURN_TYPE = YES_ERROR;
				GCC_WARN_UNDECLARED_SELECTOR = YES;
				GCC_WARN_UNINITIALIZED_AUTOS = YES_AGGRESSIVE;
				GCC_WARN_UNUSED_FUNCTION = YES;
				GCC_WARN_UNUSED_VARIABLE = YES;
				IPHONEOS_DEPLOYMENT_TARGET = 16.2;
				MTL_ENABLE_DEBUG_INFO = INCLUDE_SOURCE;
				MTL_FAST_MATH = YES;
				ONLY_ACTIVE_ARCH = YES;
				SDKROOT = iphoneos;
				SWIFT_ACTIVE_COMPILATION_CONDITIONS = DEBUG;
				SWIFT_OPTIMIZATION_LEVEL = "-Onone";
			};
			name = Debug;
		};
		119E82B02977EEE9007D6A44 /* Release */ = {
			isa = XCBuildConfiguration;
			buildSettings = {
				ALWAYS_SEARCH_USER_PATHS = NO;
				CLANG_ANALYZER_NONNULL = YES;
				CLANG_ANALYZER_NUMBER_OBJECT_CONVERSION = YES_AGGRESSIVE;
				CLANG_CXX_LANGUAGE_STANDARD = "gnu++20";
				CLANG_ENABLE_MODULES = YES;
				CLANG_ENABLE_OBJC_ARC = YES;
				CLANG_ENABLE_OBJC_WEAK = YES;
				CLANG_WARN_BLOCK_CAPTURE_AUTORELEASING = YES;
				CLANG_WARN_BOOL_CONVERSION = YES;
				CLANG_WARN_COMMA = YES;
				CLANG_WARN_CONSTANT_CONVERSION = YES;
				CLANG_WARN_DEPRECATED_OBJC_IMPLEMENTATIONS = YES;
				CLANG_WARN_DIRECT_OBJC_ISA_USAGE = YES_ERROR;
				CLANG_WARN_DOCUMENTATION_COMMENTS = YES;
				CLANG_WARN_EMPTY_BODY = YES;
				CLANG_WARN_ENUM_CONVERSION = YES;
				CLANG_WARN_INFINITE_RECURSION = YES;
				CLANG_WARN_INT_CONVERSION = YES;
				CLANG_WARN_NON_LITERAL_NULL_CONVERSION = YES;
				CLANG_WARN_OBJC_IMPLICIT_RETAIN_SELF = YES;
				CLANG_WARN_OBJC_LITERAL_CONVERSION = YES;
				CLANG_WARN_OBJC_ROOT_CLASS = YES_ERROR;
				CLANG_WARN_QUOTED_INCLUDE_IN_FRAMEWORK_HEADER = YES;
				CLANG_WARN_RANGE_LOOP_ANALYSIS = YES;
				CLANG_WARN_STRICT_PROTOTYPES = YES;
				CLANG_WARN_SUSPICIOUS_MOVE = YES;
				CLANG_WARN_UNGUARDED_AVAILABILITY = YES_AGGRESSIVE;
				CLANG_WARN_UNREACHABLE_CODE = YES;
				CLANG_WARN__DUPLICATE_METHOD_MATCH = YES;
				COPY_PHASE_STRIP = NO;
				DEBUG_INFORMATION_FORMAT = "dwarf-with-dsym";
				ENABLE_NS_ASSERTIONS = NO;
				ENABLE_STRICT_OBJC_MSGSEND = YES;
				GCC_C_LANGUAGE_STANDARD = gnu11;
				GCC_NO_COMMON_BLOCKS = YES;
				GCC_WARN_64_TO_32_BIT_CONVERSION = YES;
				GCC_WARN_ABOUT_RETURN_TYPE = YES_ERROR;
				GCC_WARN_UNDECLARED_SELECTOR = YES;
				GCC_WARN_UNINITIALIZED_AUTOS = YES_AGGRESSIVE;
				GCC_WARN_UNUSED_FUNCTION = YES;
				GCC_WARN_UNUSED_VARIABLE = YES;
				IPHONEOS_DEPLOYMENT_TARGET = 16.2;
				MTL_ENABLE_DEBUG_INFO = NO;
				MTL_FAST_MATH = YES;
				SDKROOT = iphoneos;
				SWIFT_COMPILATION_MODE = wholemodule;
				SWIFT_OPTIMIZATION_LEVEL = "-O";
				VALIDATE_PRODUCT = YES;
			};
			name = Release;
		};
		119E82B22977EEE9007D6A44 /* Debug */ = {
			isa = XCBuildConfiguration;
			buildSettings = {
				ASSETCATALOG_COMPILER_APPICON_NAME = AppIcon;
				ASSETCATALOG_COMPILER_GLOBAL_ACCENT_COLOR_NAME = AccentColor;
				CODE_SIGN_STYLE = Automatic;
				CURRENT_PROJECT_VERSION = 1;
				DEVELOPMENT_TEAM = TPZ539LNM7;
				GENERATE_INFOPLIST_FILE = YES;
				INFOPLIST_FILE = Drinkit/Resources/Info.plist;
				INFOPLIST_KEY_UIApplicationSupportsIndirectInputEvents = YES;
				INFOPLIST_KEY_UILaunchStoryboardName = LaunchScreen;
				INFOPLIST_KEY_UISupportedInterfaceOrientations = "UIInterfaceOrientationLandscapeLeft UIInterfaceOrientationLandscapeRight UIInterfaceOrientationPortrait";
				IPHONEOS_DEPLOYMENT_TARGET = 13.0;
				LD_RUNPATH_SEARCH_PATHS = (
					"$(inherited)",
					"@executable_path/Frameworks",
				);
				MARKETING_VERSION = 1.0;
				PRODUCT_BUNDLE_IDENTIFIER = alexandercorporation.Drinkit;
				PRODUCT_NAME = "$(TARGET_NAME)";
				SWIFT_EMIT_LOC_STRINGS = YES;
				SWIFT_VERSION = 5.0;
				TARGETED_DEVICE_FAMILY = "1,2";
			};
			name = Debug;
		};
		119E82B32977EEE9007D6A44 /* Release */ = {
			isa = XCBuildConfiguration;
			buildSettings = {
				ASSETCATALOG_COMPILER_APPICON_NAME = AppIcon;
				ASSETCATALOG_COMPILER_GLOBAL_ACCENT_COLOR_NAME = AccentColor;
				CODE_SIGN_STYLE = Automatic;
				CURRENT_PROJECT_VERSION = 1;
				DEVELOPMENT_TEAM = TPZ539LNM7;
				GENERATE_INFOPLIST_FILE = YES;
				INFOPLIST_FILE = Drinkit/Resources/Info.plist;
				INFOPLIST_KEY_UIApplicationSupportsIndirectInputEvents = YES;
				INFOPLIST_KEY_UILaunchStoryboardName = LaunchScreen;
				INFOPLIST_KEY_UISupportedInterfaceOrientations = "UIInterfaceOrientationLandscapeLeft UIInterfaceOrientationLandscapeRight UIInterfaceOrientationPortrait";
				IPHONEOS_DEPLOYMENT_TARGET = 13.0;
				LD_RUNPATH_SEARCH_PATHS = (
					"$(inherited)",
					"@executable_path/Frameworks",
				);
				MARKETING_VERSION = 1.0;
				PRODUCT_BUNDLE_IDENTIFIER = alexandercorporation.Drinkit;
				PRODUCT_NAME = "$(TARGET_NAME)";
				SWIFT_EMIT_LOC_STRINGS = YES;
				SWIFT_VERSION = 5.0;
				TARGETED_DEVICE_FAMILY = "1,2";
			};
			name = Release;
		};
/* End XCBuildConfiguration section */

/* Begin XCConfigurationList section */
		119E82982977EEE9007D6A44 /* Build configuration list for PBXProject "Drinkit" */ = {
			isa = XCConfigurationList;
			buildConfigurations = (
				119E82AF2977EEE9007D6A44 /* Debug */,
				119E82B02977EEE9007D6A44 /* Release */,
			);
			defaultConfigurationIsVisible = 0;
			defaultConfigurationName = Release;
		};
		119E82B12977EEE9007D6A44 /* Build configuration list for PBXNativeTarget "Drinkit" */ = {
			isa = XCConfigurationList;
			buildConfigurations = (
				119E82B22977EEE9007D6A44 /* Debug */,
				119E82B32977EEE9007D6A44 /* Release */,
			);
			defaultConfigurationIsVisible = 0;
			defaultConfigurationName = Release;
		};
/* End XCConfigurationList section */

/* Begin XCRemoteSwiftPackageReference section */
		11C2340229841110006F99B5 /* XCRemoteSwiftPackageReference "FloatingPanel" */ = {
			isa = XCRemoteSwiftPackageReference;
			repositoryURL = "https://github.com/scenee/FloatingPanel";
			requirement = {
				kind = upToNextMajorVersion;
				minimumVersion = 2.0.0;
			};
		};
/* End XCRemoteSwiftPackageReference section */

/* Begin XCSwiftPackageProductDependency section */
		11C2340329841110006F99B5 /* FloatingPanel */ = {
			isa = XCSwiftPackageProductDependency;
			package = 11C2340229841110006F99B5 /* XCRemoteSwiftPackageReference "FloatingPanel" */;
			productName = FloatingPanel;
		};
/* End XCSwiftPackageProductDependency section */
	};
	rootObject = 119E82952977EEE9007D6A44 /* Project object */;
}
