{
  "pins" : [
    {
      "identity" : "floatingpanel",
      "kind" : "remoteSourceControl",
      "location" : "https://github.com/scenee/FloatingPanel",
      "state" : {
        "revision" : "2a29cb5b3ecf4beb67cf524a030dd74a11b956c4",
        "version" : "2.6.1"
      }
    }
  ],
  "version" : 2
}
